
Microsoft Visual Studio Solution File, Format Version 12.00
# Visual Studio Version 17
VisualStudioVersion = 17.0.31903.59
MinimumVisualStudioVersion = 10.0.40219.1
Project("{2150E333-8FDC-42A3-9474-1A3956D46DE8}") = "src", "src", "{960749E7-4416-4A1B-8A80-D518A6D0BC72}"
EndProject
Project("{FAE04EC0-301F-11D3-BF4B-00C04F79EFBC}") = "Ara", "src\Ara\Ara.csproj", "{32712D6A-7348-488C-9B36-3414AA93DCF9}"
EndProject
Project("{FAE04EC0-301F-11D3-BF4B-00C04F79EFBC}") = "Asm", "src\Asm\Asm.csproj", "{73416C5D-BB8B-4918-984D-A4B5ECD218E2}"
EndProject
Project("{FAE04EC0-301F-11D3-BF4B-00C04F79EFBC}") = "Diagnostics", "src\Diagnostics\Diagnostics.csproj", "{105B02AE-A965-4A43-B196-48207619D3B7}"
EndProject
Project("{FAE04EC0-301F-11D3-BF4B-00C04F79EFBC}") = "Asm.Generators", "src\Asm.Generators\Asm.Generators.csproj", "{0774BE2B-ECD8-44CF-8395-3C73D118D0C2}"
EndProject
Global
	GlobalSection(SolutionConfigurationPlatforms) = preSolution
		Debug|Any CPU = Debug|Any CPU
		Release|Any CPU = Release|Any CPU
	EndGlobalSection
	GlobalSection(SolutionProperties) = preSolution
		HideSolutionNode = FALSE
	EndGlobalSection
	GlobalSection(ProjectConfigurationPlatforms) = postSolution
		{32712D6A-7348-488C-9B36-3414AA93DCF9}.Debug|Any CPU.ActiveCfg = Debug|Any CPU
		{32712D6A-7348-488C-9B36-3414AA93DCF9}.Debug|Any CPU.Build.0 = Debug|Any CPU
		{32712D6A-7348-488C-9B36-3414AA93DCF9}.Release|Any CPU.ActiveCfg = Release|Any CPU
		{32712D6A-7348-488C-9B36-3414AA93DCF9}.Release|Any CPU.Build.0 = Release|Any CPU
		{73416C5D-BB8B-4918-984D-A4B5ECD218E2}.Debug|Any CPU.ActiveCfg = Debug|Any CPU
		{73416C5D-BB8B-4918-984D-A4B5ECD218E2}.Debug|Any CPU.Build.0 = Debug|Any CPU
		{73416C5D-BB8B-4918-984D-A4B5ECD218E2}.Release|Any CPU.ActiveCfg = Release|Any CPU
		{73416C5D-BB8B-4918-984D-A4B5ECD218E2}.Release|Any CPU.Build.0 = Release|Any CPU
		{105B02AE-A965-4A43-B196-48207619D3B7}.Debug|Any CPU.ActiveCfg = Debug|Any CPU
		{105B02AE-A965-4A43-B196-48207619D3B7}.Debug|Any CPU.Build.0 = Debug|Any CPU
		{105B02AE-A965-4A43-B196-48207619D3B7}.Release|Any CPU.ActiveCfg = Release|Any CPU
		{105B02AE-A965-4A43-B196-48207619D3B7}.Release|Any CPU.Build.0 = Release|Any CPU
		{0774BE2B-ECD8-44CF-8395-3C73D118D0C2}.Debug|Any CPU.ActiveCfg = Debug|Any CPU
		{0774BE2B-ECD8-44CF-8395-3C73D118D0C2}.Debug|Any CPU.Build.0 = Debug|Any CPU
		{0774BE2B-ECD8-44CF-8395-3C73D118D0C2}.Release|Any CPU.ActiveCfg = Release|Any CPU
		{0774BE2B-ECD8-44CF-8395-3C73D118D0C2}.Release|Any CPU.Build.0 = Release|Any CPU
	EndGlobalSection
	GlobalSection(NestedProjects) = preSolution
		{32712D6A-7348-488C-9B36-3414AA93DCF9} = {960749E7-4416-4A1B-8A80-D518A6D0BC72}
		{73416C5D-BB8B-4918-984D-A4B5ECD218E2} = {960749E7-4416-4A1B-8A80-D518A6D0BC72}
		{105B02AE-A965-4A43-B196-48207619D3B7} = {960749E7-4416-4A1B-8A80-D518A6D0BC72}
		{0774BE2B-ECD8-44CF-8395-3C73D118D0C2} = {960749E7-4416-4A1B-8A80-D518A6D0BC72}
	EndGlobalSection
EndGlobal
